
Microsoft Visual Studio Solution File, Format Version 12.00
# Visual Studio Version 17
VisualStudioVersion = 17.9.34616.47
MinimumVisualStudioVersion = 10.0.40219.1
Project("{FAE04EC0-301F-11D3-BF4B-00C04F79EFBC}") = "PomodoroTimerApp", "PomodoroTimerApp\PomodoroTimerApp.csproj", "{5AB2C6A2-404E-40F4-B439-BB9ECB6E31EE}"
EndProject
Global
	GlobalSection(SolutionConfigurationPlatforms) = preSolution
		Debug|Any CPU = Debug|Any CPU
		Release|Any CPU = Release|Any CPU
	EndGlobalSection
	GlobalSection(ProjectConfigurationPlatforms) = postSolution
		{5AB2C6A2-404E-40F4-B439-BB9ECB6E31EE}.Debug|Any CPU.ActiveCfg = Debug|Any CPU
		{5AB2C6A2-404E-40F4-B439-BB9ECB6E31EE}.Debug|Any CPU.Build.0 = Debug|Any CPU
		{5AB2C6A2-404E-40F4-B439-BB9ECB6E31EE}.Release|Any CPU.ActiveCfg = Release|Any CPU
		{5AB2C6A2-404E-40F4-B439-BB9ECB6E31EE}.Release|Any CPU.Build.0 = Release|Any CPU
	EndGlobalSection
	GlobalSection(SolutionProperties) = preSolution
		HideSolutionNode = FALSE
	EndGlobalSection
	GlobalSection(ExtensibilityGlobals) = postSolution
		SolutionGuid = {F70E9EFD-9513-45C8-9113-26C401A0ABB1}
	EndGlobalSection
EndGlobal
